
Microsoft Visual Studio Solution File, Format Version 12.00
# Visual Studio Version 16
VisualStudioVersion = 16.0.31624.102
MinimumVisualStudioVersion = 10.0.40219.1
Project("{9A19103F-16F7-4668-BE54-9A1E7A4F7556}") = "Auction Manager", "Auction Manager\Auction Manager.csproj", "{D8138435-9371-4C2E-AFCE-33BCC5956EA6}"
EndProject
Project("{9A19103F-16F7-4668-BE54-9A1E7A4F7556}") = "AuctionLibrary", "AuctionLibrary\AuctionLibrary\AuctionLibrary.csproj", "{4925B038-2A37-4CEA-BB21-3FCF250870CE}"
EndProject
Global
	GlobalSection(SolutionConfigurationPlatforms) = preSolution
		Debug|Any CPU = Debug|Any CPU
		Release|Any CPU = Release|Any CPU
	EndGlobalSection
	GlobalSection(ProjectConfigurationPlatforms) = postSolution
		{D8138435-9371-4C2E-AFCE-33BCC5956EA6}.Debug|Any CPU.ActiveCfg = Debug|Any CPU
		{D8138435-9371-4C2E-AFCE-33BCC5956EA6}.Debug|Any CPU.Build.0 = Debug|Any CPU
		{D8138435-9371-4C2E-AFCE-33BCC5956EA6}.Release|Any CPU.ActiveCfg = Release|Any CPU
		{D8138435-9371-4C2E-AFCE-33BCC5956EA6}.Release|Any CPU.Build.0 = Release|Any CPU
		{4925B038-2A37-4CEA-BB21-3FCF250870CE}.Debug|Any CPU.ActiveCfg = Debug|Any CPU
		{4925B038-2A37-4CEA-BB21-3FCF250870CE}.Debug|Any CPU.Build.0 = Debug|Any CPU
		{4925B038-2A37-4CEA-BB21-3FCF250870CE}.Release|Any CPU.ActiveCfg = Release|Any CPU
		{4925B038-2A37-4CEA-BB21-3FCF250870CE}.Release|Any CPU.Build.0 = Release|Any CPU
	EndGlobalSection
	GlobalSection(SolutionProperties) = preSolution
		HideSolutionNode = FALSE
	EndGlobalSection
	GlobalSection(ExtensibilityGlobals) = postSolution
		SolutionGuid = {770388F3-33D9-4F73-8058-57D27F83DB10}
	EndGlobalSection
EndGlobal
